// !$*UTF8*$!
{
	archiveVersion = 1;
	classes = {
	};
	objectVersion = 46;
	objects = {

/* Begin PBXBuildFile section */
		9179A81F1B2DCF7100DFEFB5 /* AppDelegate.swift in Sources */ = {isa = PBXBuildFile; fileRef = 9179A81E1B2DCF7100DFEFB5 /* AppDelegate.swift */; };
		9179A8211B2DCF7100DFEFB5 /* ViewController.swift in Sources */ = {isa = PBXBuildFile; fileRef = 9179A8201B2DCF7100DFEFB5 /* ViewController.swift */; };
		9179A8241B2DCF7100DFEFB5 /* Main.storyboard in Resources */ = {isa = PBXBuildFile; fileRef = 9179A8221B2DCF7100DFEFB5 /* Main.storyboard */; };
		9179A8261B2DCF7100DFEFB5 /* Assets.xcassets in Resources */ = {isa = PBXBuildFile; fileRef = 9179A8251B2DCF7100DFEFB5 /* Assets.xcassets */; };
		9179A8291B2DCF7100DFEFB5 /* LaunchScreen.storyboard in Resources */ = {isa = PBXBuildFile; fileRef = 9179A8271B2DCF7100DFEFB5 /* LaunchScreen.storyboard */; };
		9179A8341B2DCF7100DFEFB5 /* FirstWatchAppTests.swift in Sources */ = {isa = PBXBuildFile; fileRef = 9179A8331B2DCF7100DFEFB5 /* FirstWatchAppTests.swift */; };
		9179A83F1B2DCF7100DFEFB5 /* FirstWatchAppUITests.swift in Sources */ = {isa = PBXBuildFile; fileRef = 9179A83E1B2DCF7100DFEFB5 /* FirstWatchAppUITests.swift */; };
		9179A8441B2DCF7100DFEFB5 /* FirstWatchApp WatchKit App.app in Embed Watch Content */ = {isa = PBXBuildFile; fileRef = 9179A8431B2DCF7100DFEFB5 /* FirstWatchApp WatchKit App.app */; };
		9179A84A1B2DCF7100DFEFB5 /* Interface.storyboard in Resources */ = {isa = PBXBuildFile; fileRef = 9179A8481B2DCF7100DFEFB5 /* Interface.storyboard */; };
		9179A84C1B2DCF7100DFEFB5 /* Assets.xcassets in Resources */ = {isa = PBXBuildFile; fileRef = 9179A84B1B2DCF7100DFEFB5 /* Assets.xcassets */; };
		9179A8531B2DCF7100DFEFB5 /* FirstWatchApp WatchKit Extension.appex in Embed App Extensions */ = {isa = PBXBuildFile; fileRef = 9179A8521B2DCF7100DFEFB5 /* FirstWatchApp WatchKit Extension.appex */; settings = {ATTRIBUTES = (RemoveHeadersOnCopy, ); }; };
		9179A8581B2DCF7100DFEFB5 /* InterfaceController.swift in Sources */ = {isa = PBXBuildFile; fileRef = 9179A8571B2DCF7100DFEFB5 /* InterfaceController.swift */; };
		9179A85A1B2DCF7100DFEFB5 /* ExtensionDelegate.swift in Sources */ = {isa = PBXBuildFile; fileRef = 9179A8591B2DCF7100DFEFB5 /* ExtensionDelegate.swift */; };
		9179A85C1B2DCF7100DFEFB5 /* Assets.xcassets in Resources */ = {isa = PBXBuildFile; fileRef = 9179A85B1B2DCF7100DFEFB5 /* Assets.xcassets */; };
/* End PBXBuildFile section */

/* Begin PBXContainerItemProxy section */
		9179A8301B2DCF7100DFEFB5 /* PBXContainerItemProxy */ = {
			isa = PBXContainerItemProxy;
			containerPortal = 9179A8131B2DCF7000DFEFB5 /* Project object */;
			proxyType = 1;
			remoteGlobalIDString = 9179A81A1B2DCF7000DFEFB5;
			remoteInfo = FirstWatchApp;
		};
		9179A83B1B2DCF7100DFEFB5 /* PBXContainerItemProxy */ = {
			isa = PBXContainerItemProxy;
			containerPortal = 9179A8131B2DCF7000DFEFB5 /* Project object */;
			proxyType = 1;
			remoteGlobalIDString = 9179A81A1B2DCF7000DFEFB5;
			remoteInfo = FirstWatchApp;
		};
		9179A8451B2DCF7100DFEFB5 /* PBXContainerItemProxy */ = {
			isa = PBXContainerItemProxy;
			containerPortal = 9179A8131B2DCF7000DFEFB5 /* Project object */;
			proxyType = 1;
			remoteGlobalIDString = 9179A8421B2DCF7100DFEFB5;
			remoteInfo = "FirstWatchApp WatchKit App";
		};
		9179A8541B2DCF7100DFEFB5 /* PBXContainerItemProxy */ = {
			isa = PBXContainerItemProxy;
			containerPortal = 9179A8131B2DCF7000DFEFB5 /* Project object */;
			proxyType = 1;
			remoteGlobalIDString = 9179A8511B2DCF7100DFEFB5;
			remoteInfo = "FirstWatchApp WatchKit Extension";
		};
/* End PBXContainerItemProxy section */

/* Begin PBXCopyFilesBuildPhase section */
		9179A8631B2DCF7100DFEFB5 /* Embed App Extensions */ = {
			isa = PBXCopyFilesBuildPhase;
			buildActionMask = 2147483647;
			dstPath = "";
			dstSubfolderSpec = 13;
			files = (
				9179A8531B2DCF7100DFEFB5 /* FirstWatchApp WatchKit Extension.appex in Embed App Extensions */,
			);
			name = "Embed App Extensions";
			runOnlyForDeploymentPostprocessing = 0;
		};
		9179A8671B2DCF7100DFEFB5 /* Embed Watch Content */ = {
			isa = PBXCopyFilesBuildPhase;
			buildActionMask = 2147483647;
			dstPath = "$(CONTENTS_FOLDER_PATH)/Watch";
			dstSubfolderSpec = 16;
			files = (
				9179A8441B2DCF7100DFEFB5 /* FirstWatchApp WatchKit App.app in Embed Watch Content */,
			);
			name = "Embed Watch Content";
			runOnlyForDeploymentPostprocessing = 0;
		};
/* End PBXCopyFilesBuildPhase section */

/* Begin PBXFileReference section */
		9179A81B1B2DCF7100DFEFB5 /* FirstWatchApp.app */ = {isa = PBXFileReference; explicitFileType = wrapper.application; includeInIndex = 0; path = FirstWatchApp.app; sourceTree = BUILT_PRODUCTS_DIR; };
		9179A81E1B2DCF7100DFEFB5 /* AppDelegate.swift */ = {isa = PBXFileReference; lastKnownFileType = sourcecode.swift; path = AppDelegate.swift; sourceTree = "<group>"; };
		9179A8201B2DCF7100DFEFB5 /* ViewController.swift */ = {isa = PBXFileReference; lastKnownFileType = sourcecode.swift; path = ViewController.swift; sourceTree = "<group>"; };
		9179A8231B2DCF7100DFEFB5 /* Base */ = {isa = PBXFileReference; lastKnownFileType = file.storyboard; name = Base; path = Base.lproj/Main.storyboard; sourceTree = "<group>"; };
		9179A8251B2DCF7100DFEFB5 /* Assets.xcassets */ = {isa = PBXFileReference; lastKnownFileType = folder.assetcatalog; path = Assets.xcassets; sourceTree = "<group>"; };
		9179A8281B2DCF7100DFEFB5 /* Base */ = {isa = PBXFileReference; lastKnownFileType = file.storyboard; name = Base; path = Base.lproj/LaunchScreen.storyboard; sourceTree = "<group>"; };
		9179A82A1B2DCF7100DFEFB5 /* Info.plist */ = {isa = PBXFileReference; lastKnownFileType = text.plist.xml; path = Info.plist; sourceTree = "<group>"; };
		9179A82F1B2DCF7100DFEFB5 /* FirstWatchAppTests.xctest */ = {isa = PBXFileReference; explicitFileType = wrapper.cfbundle; includeInIndex = 0; path = FirstWatchAppTests.xctest; sourceTree = BUILT_PRODUCTS_DIR; };
		9179A8331B2DCF7100DFEFB5 /* FirstWatchAppTests.swift */ = {isa = PBXFileReference; lastKnownFileType = sourcecode.swift; path = FirstWatchAppTests.swift; sourceTree = "<group>"; };
		9179A8351B2DCF7100DFEFB5 /* Info.plist */ = {isa = PBXFileReference; lastKnownFileType = text.plist.xml; path = Info.plist; sourceTree = "<group>"; };
		9179A83A1B2DCF7100DFEFB5 /* FirstWatchAppUITests.xctest */ = {isa = PBXFileReference; explicitFileType = wrapper.cfbundle; includeInIndex = 0; path = FirstWatchAppUITests.xctest; sourceTree = BUILT_PRODUCTS_DIR; };
		9179A83E1B2DCF7100DFEFB5 /* FirstWatchAppUITests.swift */ = {isa = PBXFileReference; lastKnownFileType = sourcecode.swift; path = FirstWatchAppUITests.swift; sourceTree = "<group>"; };
		9179A8401B2DCF7100DFEFB5 /* Info.plist */ = {isa = PBXFileReference; lastKnownFileType = text.plist.xml; path = Info.plist; sourceTree = "<group>"; };
		9179A8431B2DCF7100DFEFB5 /* FirstWatchApp WatchKit App.app */ = {isa = PBXFileReference; explicitFileType = wrapper.application; includeInIndex = 0; path = "FirstWatchApp WatchKit App.app"; sourceTree = BUILT_PRODUCTS_DIR; };
		9179A8491B2DCF7100DFEFB5 /* Base */ = {isa = PBXFileReference; lastKnownFileType = file.storyboard; name = Base; path = Base.lproj/Interface.storyboard; sourceTree = "<group>"; };
		9179A84B1B2DCF7100DFEFB5 /* Assets.xcassets */ = {isa = PBXFileReference; lastKnownFileType = folder.assetcatalog; path = Assets.xcassets; sourceTree = "<group>"; };
		9179A84D1B2DCF7100DFEFB5 /* Info.plist */ = {isa = PBXFileReference; lastKnownFileType = text.plist.xml; path = Info.plist; sourceTree = "<group>"; };
		9179A8521B2DCF7100DFEFB5 /* FirstWatchApp WatchKit Extension.appex */ = {isa = PBXFileReference; explicitFileType = "wrapper.app-extension"; includeInIndex = 0; path = "FirstWatchApp WatchKit Extension.appex"; sourceTree = BUILT_PRODUCTS_DIR; };
		9179A8571B2DCF7100DFEFB5 /* InterfaceController.swift */ = {isa = PBXFileReference; lastKnownFileType = sourcecode.swift; path = InterfaceController.swift; sourceTree = "<group>"; };
		9179A8591B2DCF7100DFEFB5 /* ExtensionDelegate.swift */ = {isa = PBXFileReference; lastKnownFileType = sourcecode.swift; path = ExtensionDelegate.swift; sourceTree = "<group>"; };
		9179A85B1B2DCF7100DFEFB5 /* Assets.xcassets */ = {isa = PBXFileReference; lastKnownFileType = folder.assetcatalog; path = Assets.xcassets; sourceTree = "<group>"; };
		9179A85D1B2DCF7100DFEFB5 /* Info.plist */ = {isa = PBXFileReference; lastKnownFileType = text.plist.xml; path = Info.plist; sourceTree = "<group>"; };
/* End PBXFileReference section */

/* Begin PBXFrameworksBuildPhase section */
		9179A8181B2DCF7000DFEFB5 /* Frameworks */ = {
			isa = PBXFrameworksBuildPhase;
			buildActionMask = 2147483647;
			files = (
			);
			runOnlyForDeploymentPostprocessing = 0;
		};
		9179A82C1B2DCF7100DFEFB5 /* Frameworks */ = {
			isa = PBXFrameworksBuildPhase;
			buildActionMask = 2147483647;
			files = (
			);
			runOnlyForDeploymentPostprocessing = 0;
		};
		9179A8371B2DCF7100DFEFB5 /* Frameworks */ = {
			isa = PBXFrameworksBuildPhase;
			buildActionMask = 2147483647;
			files = (
			);
			runOnlyForDeploymentPostprocessing = 0;
		};
		9179A84F1B2DCF7100DFEFB5 /* Frameworks */ = {
			isa = PBXFrameworksBuildPhase;
			buildActionMask = 2147483647;
			files = (
			);
			runOnlyForDeploymentPostprocessing = 0;
		};
/* End PBXFrameworksBuildPhase section */

/* Begin PBXGroup section */
		9179A8121B2DCF7000DFEFB5 = {
			isa = PBXGroup;
			children = (
				9179A81D1B2DCF7100DFEFB5 /* FirstWatchApp */,
				9179A8321B2DCF7100DFEFB5 /* FirstWatchAppTests */,
				9179A83D1B2DCF7100DFEFB5 /* FirstWatchAppUITests */,
				9179A8471B2DCF7100DFEFB5 /* FirstWatchApp WatchKit App */,
				9179A8561B2DCF7100DFEFB5 /* FirstWatchApp WatchKit Extension */,
				9179A81C1B2DCF7100DFEFB5 /* Products */,
			);
			sourceTree = "<group>";
		};
		9179A81C1B2DCF7100DFEFB5 /* Products */ = {
			isa = PBXGroup;
			children = (
				9179A81B1B2DCF7100DFEFB5 /* FirstWatchApp.app */,
				9179A82F1B2DCF7100DFEFB5 /* FirstWatchAppTests.xctest */,
				9179A83A1B2DCF7100DFEFB5 /* FirstWatchAppUITests.xctest */,
				9179A8431B2DCF7100DFEFB5 /* FirstWatchApp WatchKit App.app */,
				9179A8521B2DCF7100DFEFB5 /* FirstWatchApp WatchKit Extension.appex */,
			);
			name = Products;
			sourceTree = "<group>";
		};
		9179A81D1B2DCF7100DFEFB5 /* FirstWatchApp */ = {
			isa = PBXGroup;
			children = (
				9179A81E1B2DCF7100DFEFB5 /* AppDelegate.swift */,
				9179A8201B2DCF7100DFEFB5 /* ViewController.swift */,
				9179A8221B2DCF7100DFEFB5 /* Main.storyboard */,
				9179A8251B2DCF7100DFEFB5 /* Assets.xcassets */,
				9179A8271B2DCF7100DFEFB5 /* LaunchScreen.storyboard */,
				9179A82A1B2DCF7100DFEFB5 /* Info.plist */,
			);
			path = FirstWatchApp;
			sourceTree = "<group>";
		};
		9179A8321B2DCF7100DFEFB5 /* FirstWatchAppTests */ = {
			isa = PBXGroup;
			children = (
				9179A8331B2DCF7100DFEFB5 /* FirstWatchAppTests.swift */,
				9179A8351B2DCF7100DFEFB5 /* Info.plist */,
			);
			path = FirstWatchAppTests;
			sourceTree = "<group>";
		};
		9179A83D1B2DCF7100DFEFB5 /* FirstWatchAppUITests */ = {
			isa = PBXGroup;
			children = (
				9179A83E1B2DCF7100DFEFB5 /* FirstWatchAppUITests.swift */,
				9179A8401B2DCF7100DFEFB5 /* Info.plist */,
			);
			path = FirstWatchAppUITests;
			sourceTree = "<group>";
		};
		9179A8471B2DCF7100DFEFB5 /* FirstWatchApp WatchKit App */ = {
			isa = PBXGroup;
			children = (
				9179A8481B2DCF7100DFEFB5 /* Interface.storyboard */,
				9179A84B1B2DCF7100DFEFB5 /* Assets.xcassets */,
				9179A84D1B2DCF7100DFEFB5 /* Info.plist */,
			);
			path = "FirstWatchApp WatchKit App";
			sourceTree = "<group>";
		};
		9179A8561B2DCF7100DFEFB5 /* FirstWatchApp WatchKit Extension */ = {
			isa = PBXGroup;
			children = (
				9179A8571B2DCF7100DFEFB5 /* InterfaceController.swift */,
				9179A8591B2DCF7100DFEFB5 /* ExtensionDelegate.swift */,
				9179A85B1B2DCF7100DFEFB5 /* Assets.xcassets */,
				9179A85D1B2DCF7100DFEFB5 /* Info.plist */,
			);
			path = "FirstWatchApp WatchKit Extension";
			sourceTree = "<group>";
		};
/* End PBXGroup section */

/* Begin PBXNativeTarget section */
		9179A81A1B2DCF7000DFEFB5 /* FirstWatchApp */ = {
			isa = PBXNativeTarget;
			buildConfigurationList = 9179A8681B2DCF7100DFEFB5 /* Build configuration list for PBXNativeTarget "FirstWatchApp" */;
			buildPhases = (
				9179A8171B2DCF7000DFEFB5 /* Sources */,
				9179A8181B2DCF7000DFEFB5 /* Frameworks */,
				9179A8191B2DCF7000DFEFB5 /* Resources */,
				9179A8671B2DCF7100DFEFB5 /* Embed Watch Content */,
			);
			buildRules = (
			);
			dependencies = (
				9179A8461B2DCF7100DFEFB5 /* PBXTargetDependency */,
			);
			name = FirstWatchApp;
			productName = FirstWatchApp;
			productReference = 9179A81B1B2DCF7100DFEFB5 /* FirstWatchApp.app */;
			productType = "com.apple.product-type.application";
		};
		9179A82E1B2DCF7100DFEFB5 /* FirstWatchAppTests */ = {
			isa = PBXNativeTarget;
			buildConfigurationList = 9179A86B1B2DCF7100DFEFB5 /* Build configuration list for PBXNativeTarget "FirstWatchAppTests" */;
			buildPhases = (
				9179A82B1B2DCF7100DFEFB5 /* Sources */,
				9179A82C1B2DCF7100DFEFB5 /* Frameworks */,
				9179A82D1B2DCF7100DFEFB5 /* Resources */,
			);
			buildRules = (
			);
			dependencies = (
				9179A8311B2DCF7100DFEFB5 /* PBXTargetDependency */,
			);
			name = FirstWatchAppTests;
			productName = FirstWatchAppTests;
			productReference = 9179A82F1B2DCF7100DFEFB5 /* FirstWatchAppTests.xctest */;
			productType = "com.apple.product-type.bundle.unit-test";
		};
		9179A8391B2DCF7100DFEFB5 /* FirstWatchAppUITests */ = {
			isa = PBXNativeTarget;
			buildConfigurationList = 9179A86E1B2DCF7100DFEFB5 /* Build configuration list for PBXNativeTarget "FirstWatchAppUITests" */;
			buildPhases = (
				9179A8361B2DCF7100DFEFB5 /* Sources */,
				9179A8371B2DCF7100DFEFB5 /* Frameworks */,
				9179A8381B2DCF7100DFEFB5 /* Resources */,
			);
			buildRules = (
			);
			dependencies = (
				9179A83C1B2DCF7100DFEFB5 /* PBXTargetDependency */,
			);
			name = FirstWatchAppUITests;
			productName = FirstWatchAppUITests;
			productReference = 9179A83A1B2DCF7100DFEFB5 /* FirstWatchAppUITests.xctest */;
			productType = "com.apple.product-type.bundle.ui-testing";
		};
		9179A8421B2DCF7100DFEFB5 /* FirstWatchApp WatchKit App */ = {
			isa = PBXNativeTarget;
			buildConfigurationList = 9179A8641B2DCF7100DFEFB5 /* Build configuration list for PBXNativeTarget "FirstWatchApp WatchKit App" */;
			buildPhases = (
				9179A8411B2DCF7100DFEFB5 /* Resources */,
				9179A8631B2DCF7100DFEFB5 /* Embed App Extensions */,
			);
			buildRules = (
			);
			dependencies = (
				9179A8551B2DCF7100DFEFB5 /* PBXTargetDependency */,
			);
			name = "FirstWatchApp WatchKit App";
			productName = "FirstWatchApp WatchKit App";
			productReference = 9179A8431B2DCF7100DFEFB5 /* FirstWatchApp WatchKit App.app */;
			productType = "com.apple.product-type.application.watchapp2";
		};
		9179A8511B2DCF7100DFEFB5 /* FirstWatchApp WatchKit Extension */ = {
			isa = PBXNativeTarget;
			buildConfigurationList = 9179A8601B2DCF7100DFEFB5 /* Build configuration list for PBXNativeTarget "FirstWatchApp WatchKit Extension" */;
			buildPhases = (
				9179A84E1B2DCF7100DFEFB5 /* Sources */,
				9179A84F1B2DCF7100DFEFB5 /* Frameworks */,
				9179A8501B2DCF7100DFEFB5 /* Resources */,
			);
			buildRules = (
			);
			dependencies = (
			);
			name = "FirstWatchApp WatchKit Extension";
			productName = "FirstWatchApp WatchKit Extension";
			productReference = 9179A8521B2DCF7100DFEFB5 /* FirstWatchApp WatchKit Extension.appex */;
			productType = "com.apple.product-type.watchkit2-extension";
		};
/* End PBXNativeTarget section */

/* Begin PBXProject section */
		9179A8131B2DCF7000DFEFB5 /* Project object */ = {
			isa = PBXProject;
			attributes = {
				LastUpgradeCheck = 0700;
				ORGANIZATIONNAME = zjsruxxxy7;
				TargetAttributes = {
					9179A81A1B2DCF7000DFEFB5 = {
						CreatedOnToolsVersion = 7.0;
					};
					9179A82E1B2DCF7100DFEFB5 = {
						CreatedOnToolsVersion = 7.0;
						TestTargetID = 9179A81A1B2DCF7000DFEFB5;
					};
					9179A8391B2DCF7100DFEFB5 = {
						CreatedOnToolsVersion = 7.0;
						TestTargetID = 9179A81A1B2DCF7000DFEFB5;
					};
					9179A8421B2DCF7100DFEFB5 = {
						CreatedOnToolsVersion = 7.0;
					};
					9179A8511B2DCF7100DFEFB5 = {
						CreatedOnToolsVersion = 7.0;
					};
				};
			};
			buildConfigurationList = 9179A8161B2DCF7000DFEFB5 /* Build configuration list for PBXProject "FirstWatchApp" */;
			compatibilityVersion = "Xcode 3.2";
			developmentRegion = English;
			hasScannedForEncodings = 0;
			knownRegions = (
				en,
				Base,
			);
			mainGroup = 9179A8121B2DCF7000DFEFB5;
			productRefGroup = 9179A81C1B2DCF7100DFEFB5 /* Products */;
			projectDirPath = "";
			projectRoot = "";
			targets = (
				9179A81A1B2DCF7000DFEFB5 /* FirstWatchApp */,
				9179A82E1B2DCF7100DFEFB5 /* FirstWatchAppTests */,
				9179A8391B2DCF7100DFEFB5 /* FirstWatchAppUITests */,
				9179A8421B2DCF7100DFEFB5 /* FirstWatchApp WatchKit App */,
				9179A8511B2DCF7100DFEFB5 /* FirstWatchApp WatchKit Extension */,
			);
		};
/* End PBXProject section */

/* Begin PBXResourcesBuildPhase section */
		9179A8191B2DCF7000DFEFB5 /* Resources */ = {
			isa = PBXResourcesBuildPhase;
			buildActionMask = 2147483647;
			files = (
				9179A8291B2DCF7100DFEFB5 /* LaunchScreen.storyboard in Resources */,
				9179A8261B2DCF7100DFEFB5 /* Assets.xcassets in Resources */,
				9179A8241B2DCF7100DFEFB5 /* Main.storyboard in Resources */,
			);
			runOnlyForDeploymentPostprocessing = 0;
		};
		9179A82D1B2DCF7100DFEFB5 /* Resources */ = {
			isa = PBXResourcesBuildPhase;
			buildActionMask = 2147483647;
			files = (
			);
			runOnlyForDeploymentPostprocessing = 0;
		};
		9179A8381B2DCF7100DFEFB5 /* Resources */ = {
			isa = PBXResourcesBuildPhase;
			buildActionMask = 2147483647;
			files = (
			);
			runOnlyForDeploymentPostprocessing = 0;
		};
		9179A8411B2DCF7100DFEFB5 /* Resources */ = {
			isa = PBXResourcesBuildPhase;
			buildActionMask = 2147483647;
			files = (
				9179A84C1B2DCF7100DFEFB5 /* Assets.xcassets in Resources */,
				9179A84A1B2DCF7100DFEFB5 /* Interface.storyboard in Resources */,
			);
			runOnlyForDeploymentPostprocessing = 0;
		};
		9179A8501B2DCF7100DFEFB5 /* Resources */ = {
			isa = PBXResourcesBuildPhase;
			buildActionMask = 2147483647;
			files = (
				9179A85C1B2DCF7100DFEFB5 /* Assets.xcassets in Resources */,
			);
			runOnlyForDeploymentPostprocessing = 0;
		};
/* End PBXResourcesBuildPhase section */

/* Begin PBXSourcesBuildPhase section */
		9179A8171B2DCF7000DFEFB5 /* Sources */ = {
			isa = PBXSourcesBuildPhase;
			buildActionMask = 2147483647;
			files = (
				9179A8211B2DCF7100DFEFB5 /* ViewController.swift in Sources */,
				9179A81F1B2DCF7100DFEFB5 /* AppDelegate.swift in Sources */,
			);
			runOnlyForDeploymentPostprocessing = 0;
		};
		9179A82B1B2DCF7100DFEFB5 /* Sources */ = {
			isa = PBXSourcesBuildPhase;
			buildActionMask = 2147483647;
			files = (
				9179A8341B2DCF7100DFEFB5 /* FirstWatchAppTests.swift in Sources */,
			);
			runOnlyForDeploymentPostprocessing = 0;
		};
		9179A8361B2DCF7100DFEFB5 /* Sources */ = {
			isa = PBXSourcesBuildPhase;
			buildActionMask = 2147483647;
			files = (
				9179A83F1B2DCF7100DFEFB5 /* FirstWatchAppUITests.swift in Sources */,
			);
			runOnlyForDeploymentPostprocessing = 0;
		};
		9179A84E1B2DCF7100DFEFB5 /* Sources */ = {
			isa = PBXSourcesBuildPhase;
			buildActionMask = 2147483647;
			files = (
				9179A85A1B2DCF7100DFEFB5 /* ExtensionDelegate.swift in Sources */,
				9179A8581B2DCF7100DFEFB5 /* InterfaceController.swift in Sources */,
			);
			runOnlyForDeploymentPostprocessing = 0;
		};
/* End PBXSourcesBuildPhase section */

/* Begin PBXTargetDependency section */
		9179A8311B2DCF7100DFEFB5 /* PBXTargetDependency */ = {
			isa = PBXTargetDependency;
			target = 9179A81A1B2DCF7000DFEFB5 /* FirstWatchApp */;
			targetProxy = 9179A8301B2DCF7100DFEFB5 /* PBXContainerItemProxy */;
		};
		9179A83C1B2DCF7100DFEFB5 /* PBXTargetDependency */ = {
			isa = PBXTargetDependency;
			target = 9179A81A1B2DCF7000DFEFB5 /* FirstWatchApp */;
			targetProxy = 9179A83B1B2DCF7100DFEFB5 /* PBXContainerItemProxy */;
		};
		9179A8461B2DCF7100DFEFB5 /* PBXTargetDependency */ = {
			isa = PBXTargetDependency;
			target = 9179A8421B2DCF7100DFEFB5 /* FirstWatchApp WatchKit App */;
			targetProxy = 9179A8451B2DCF7100DFEFB5 /* PBXContainerItemProxy */;
		};
		9179A8551B2DCF7100DFEFB5 /* PBXTargetDependency */ = {
			isa = PBXTargetDependency;
			target = 9179A8511B2DCF7100DFEFB5 /* FirstWatchApp WatchKit Extension */;
			targetProxy = 9179A8541B2DCF7100DFEFB5 /* PBXContainerItemProxy */;
		};
/* End PBXTargetDependency section */

/* Begin PBXVariantGroup section */
		9179A8221B2DCF7100DFEFB5 /* Main.storyboard */ = {
			isa = PBXVariantGroup;
			children = (
				9179A8231B2DCF7100DFEFB5 /* Base */,
			);
			name = Main.storyboard;
			sourceTree = "<group>";
		};
		9179A8271B2DCF7100DFEFB5 /* LaunchScreen.storyboard */ = {
			isa = PBXVariantGroup;
			children = (
				9179A8281B2DCF7100DFEFB5 /* Base */,
			);
			name = LaunchScreen.storyboard;
			sourceTree = "<group>";
		};
		9179A8481B2DCF7100DFEFB5 /* Interface.storyboard */ = {
			isa = PBXVariantGroup;
			children = (
				9179A8491B2DCF7100DFEFB5 /* Base */,
			);
			name = Interface.storyboard;
			sourceTree = "<group>";
		};
/* End PBXVariantGroup section */

/* Begin XCBuildConfiguration section */
		9179A85E1B2DCF7100DFEFB5 /* Debug */ = {
			isa = XCBuildConfiguration;
			buildSettings = {
				ALWAYS_SEARCH_USER_PATHS = NO;
				CLANG_CXX_LANGUAGE_STANDARD = "gnu++0x";
				CLANG_CXX_LIBRARY = "libc++";
				CLANG_ENABLE_MODULES = YES;
				CLANG_ENABLE_OBJC_ARC = YES;
				CLANG_WARN_BOOL_CONVERSION = YES;
				CLANG_WARN_CONSTANT_CONVERSION = YES;
				CLANG_WARN_DIRECT_OBJC_ISA_USAGE = YES_ERROR;
				CLANG_WARN_EMPTY_BODY = YES;
				CLANG_WARN_ENUM_CONVERSION = YES;
				CLANG_WARN_INT_CONVERSION = YES;
				CLANG_WARN_OBJC_ROOT_CLASS = YES_ERROR;
				CLANG_WARN_UNREACHABLE_CODE = YES;
				CLANG_WARN__DUPLICATE_METHOD_MATCH = YES;
				"CODE_SIGN_IDENTITY[sdk=iphoneos*]" = "iPhone Developer";
				COPY_PHASE_STRIP = NO;
				DEBUG_INFORMATION_FORMAT = dwarf;
				ENABLE_STRICT_OBJC_MSGSEND = YES;
				ENABLE_TESTABILITY = YES;
				GCC_C_LANGUAGE_STANDARD = gnu99;
				GCC_DYNAMIC_NO_PIC = NO;
				GCC_NO_COMMON_BLOCKS = YES;
				GCC_OPTIMIZATION_LEVEL = 0;
				GCC_PREPROCESSOR_DEFINITIONS = (
					"DEBUG=1",
					"$(inherited)",
				);
				GCC_WARN_64_TO_32_BIT_CONVERSION = YES;
				GCC_WARN_ABOUT_RETURN_TYPE = YES_ERROR;
				GCC_WARN_UNDECLARED_SELECTOR = YES;
				GCC_WARN_UNINITIALIZED_AUTOS = YES_AGGRESSIVE;
				GCC_WARN_UNUSED_FUNCTION = YES;
				GCC_WARN_UNUSED_VARIABLE = YES;
				IPHONEOS_DEPLOYMENT_TARGET = 9.0;
				MTL_ENABLE_DEBUG_INFO = YES;
				ONLY_ACTIVE_ARCH = YES;
				SDKROOT = iphoneos;
				SWIFT_OPTIMIZATION_LEVEL = "-Onone";
				TARGETED_DEVICE_FAMILY = "1,2";
			};
			name = Debug;
		};
		9179A85F1B2DCF7100DFEFB5 /* Release */ = {
			isa = XCBuildConfiguration;
			buildSettings = {
				ALWAYS_SEARCH_USER_PATHS = NO;
				CLANG_CXX_LANGUAGE_STANDARD = "gnu++0x";
				CLANG_CXX_LIBRARY = "libc++";
				CLANG_ENABLE_MODULES = YES;
				CLANG_ENABLE_OBJC_ARC = YES;
				CLANG_WARN_BOOL_CONVERSION = YES;
				CLANG_WARN_CONSTANT_CONVERSION = YES;
				CLANG_WARN_DIRECT_OBJC_ISA_USAGE = YES_ERROR;
				CLANG_WARN_EMPTY_BODY = YES;
				CLANG_WARN_ENUM_CONVERSION = YES;
				CLANG_WARN_INT_CONVERSION = YES;
				CLANG_WARN_OBJC_ROOT_CLASS = YES_ERROR;
				CLANG_WARN_UNREACHABLE_CODE = YES;
				CLANG_WARN__DUPLICATE_METHOD_MATCH = YES;
				"CODE_SIGN_IDENTITY[sdk=iphoneos*]" = "iPhone Developer";
				COPY_PHASE_STRIP = NO;
				DEBUG_INFORMATION_FORMAT = "dwarf-with-dsym";
				ENABLE_NS_ASSERTIONS = NO;
				ENABLE_STRICT_OBJC_MSGSEND = YES;
				GCC_C_LANGUAGE_STANDARD = gnu99;
				GCC_NO_COMMON_BLOCKS = YES;
				GCC_WARN_64_TO_32_BIT_CONVERSION = YES;
				GCC_WARN_ABOUT_RETURN_TYPE = YES_ERROR;
				GCC_WARN_UNDECLARED_SELECTOR = YES;
				GCC_WARN_UNINITIALIZED_AUTOS = YES_AGGRESSIVE;
				GCC_WARN_UNUSED_FUNCTION = YES;
				GCC_WARN_UNUSED_VARIABLE = YES;
				IPHONEOS_DEPLOYMENT_TARGET = 9.0;
				MTL_ENABLE_DEBUG_INFO = NO;
				SDKROOT = iphoneos;
				TARGETED_DEVICE_FAMILY = "1,2";
				VALIDATE_PRODUCT = YES;
			};
			name = Release;
		};
		9179A8611B2DCF7100DFEFB5 /* Debug */ = {
			isa = XCBuildConfiguration;
			buildSettings = {
				"CODE_SIGN_IDENTITY[sdk=watchos*]" = "iPhone Developer";
				INFOPLIST_FILE = "FirstWatchApp WatchKit Extension/Info.plist";
				LD_RUNPATH_SEARCH_PATHS = "$(inherited) @executable_path/Frameworks @executable_path/../../Frameworks";
				PRODUCT_BUNDLE_IDENTIFIER = com.ryandiffy.FirstWatchApp.watchkitapp.watchkitextension;
				PRODUCT_NAME = "${TARGET_NAME}";
				SDKROOT = watchos;
				SKIP_INSTALL = YES;
				TARGETED_DEVICE_FAMILY = 4;
				WATCHOS_DEPLOYMENT_TARGET = 2.0;
			};
			name = Debug;
		};
		9179A8621B2DCF7100DFEFB5 /* Release */ = {
			isa = XCBuildConfiguration;
			buildSettings = {
				"CODE_SIGN_IDENTITY[sdk=watchos*]" = "iPhone Developer";
				INFOPLIST_FILE = "FirstWatchApp WatchKit Extension/Info.plist";
				LD_RUNPATH_SEARCH_PATHS = "$(inherited) @executable_path/Frameworks @executable_path/../../Frameworks";
				PRODUCT_BUNDLE_IDENTIFIER = com.ryandiffy.FirstWatchApp.watchkitapp.watchkitextension;
				PRODUCT_NAME = "${TARGET_NAME}";
				SDKROOT = watchos;
				SKIP_INSTALL = YES;
				TARGETED_DEVICE_FAMILY = 4;
				WATCHOS_DEPLOYMENT_TARGET = 2.0;
			};
			name = Release;
		};
		9179A8651B2DCF7100DFEFB5 /* Debug */ = {
			isa = XCBuildConfiguration;
			buildSettings = {
				ASSETCATALOG_COMPILER_APPICON_NAME = AppIcon;
				"CODE_SIGN_IDENTITY[sdk=watchos*]" = "iPhone Developer";
				EMBEDDED_CONTENT_CONTAINS_SWIFT = YES;
				IBSC_MODULE = FirstWatchApp_WatchKit_Extension;
				INFOPLIST_FILE = "FirstWatchApp WatchKit App/Info.plist";
				PRODUCT_BUNDLE_IDENTIFIER = com.ryandiffy.FirstWatchApp.watchkitapp;
				PRODUCT_NAME = "$(TARGET_NAME)";
				SDKROOT = watchos;
				SKIP_INSTALL = YES;
				TARGETED_DEVICE_FAMILY = 4;
				WATCHOS_DEPLOYMENT_TARGET = 2.0;
			};
			name = Debug;
		};
		9179A8661B2DCF7100DFEFB5 /* Release */ = {
			isa = XCBuildConfiguration;
			buildSettings = {
				ASSETCATALOG_COMPILER_APPICON_NAME = AppIcon;
				"CODE_SIGN_IDENTITY[sdk=watchos*]" = "iPhone Developer";
				EMBEDDED_CONTENT_CONTAINS_SWIFT = YES;
				IBSC_MODULE = FirstWatchApp_WatchKit_Extension;
				INFOPLIST_FILE = "FirstWatchApp WatchKit App/Info.plist";
				PRODUCT_BUNDLE_IDENTIFIER = com.ryandiffy.FirstWatchApp.watchkitapp;
				PRODUCT_NAME = "$(TARGET_NAME)";
				SDKROOT = watchos;
				SKIP_INSTALL = YES;
				TARGETED_DEVICE_FAMILY = 4;
				WATCHOS_DEPLOYMENT_TARGET = 2.0;
			};
			name = Release;
		};
		9179A8691B2DCF7100DFEFB5 /* Debug */ = {
			isa = XCBuildConfiguration;
			buildSettings = {
				ASSETCATALOG_COMPILER_APPICON_NAME = AppIcon;
				INFOPLIST_FILE = FirstWatchApp/Info.plist;
				LD_RUNPATH_SEARCH_PATHS = "$(inherited) @executable_path/Frameworks";
				PRODUCT_BUNDLE_IDENTIFIER = com.ryandiffy.FirstWatchApp;
				PRODUCT_NAME = "$(TARGET_NAME)";
			};
			name = Debug;
		};
		9179A86A1B2DCF7100DFEFB5 /* Release */ = {
			isa = XCBuildConfiguration;
			buildSettings = {
				ASSETCATALOG_COMPILER_APPICON_NAME = AppIcon;
				INFOPLIST_FILE = FirstWatchApp/Info.plist;
				LD_RUNPATH_SEARCH_PATHS = "$(inherited) @executable_path/Frameworks";
				PRODUCT_BUNDLE_IDENTIFIER = com.ryandiffy.FirstWatchApp;
				PRODUCT_NAME = "$(TARGET_NAME)";
			};
			name = Release;
		};
		9179A86C1B2DCF7100DFEFB5 /* Debug */ = {
			isa = XCBuildConfiguration;
			buildSettings = {
				BUNDLE_LOADER = "$(TEST_HOST)";
				INFOPLIST_FILE = FirstWatchAppTests/Info.plist;
				LD_RUNPATH_SEARCH_PATHS = "$(inherited) @executable_path/Frameworks @loader_path/Frameworks";
				PRODUCT_BUNDLE_IDENTIFIER = com.ryandiffy.FirstWatchAppTests;
				PRODUCT_NAME = "$(TARGET_NAME)";
				TEST_HOST = "$(BUILT_PRODUCTS_DIR)/FirstWatchApp.app/FirstWatchApp";
			};
			name = Debug;
		};
		9179A86D1B2DCF7100DFEFB5 /* Release */ = {
			isa = XCBuildConfiguration;
			buildSettings = {
				BUNDLE_LOADER = "$(TEST_HOST)";
				INFOPLIST_FILE = FirstWatchAppTests/Info.plist;
				LD_RUNPATH_SEARCH_PATHS = "$(inherited) @executable_path/Frameworks @loader_path/Frameworks";
				PRODUCT_BUNDLE_IDENTIFIER = com.ryandiffy.FirstWatchAppTests;
				PRODUCT_NAME = "$(TARGET_NAME)";
				TEST_HOST = "$(BUILT_PRODUCTS_DIR)/FirstWatchApp.app/FirstWatchApp";
			};
			name = Release;
		};
		9179A86F1B2DCF7100DFEFB5 /* Debug */ = {
			isa = XCBuildConfiguration;
			buildSettings = {
				INFOPLIST_FILE = FirstWatchAppUITests/Info.plist;
				LD_RUNPATH_SEARCH_PATHS = "$(inherited) @executable_path/Frameworks @loader_path/Frameworks";
				PRODUCT_BUNDLE_IDENTIFIER = com.ryandiffy.FirstWatchAppUITests;
				PRODUCT_NAME = "$(TARGET_NAME)";
				TEST_TARGET_NAME = FirstWatchApp;
				USES_XCTRUNNER = YES;
			};
			name = Debug;
		};
		9179A8701B2DCF7100DFEFB5 /* Release */ = {
			isa = XCBuildConfiguration;
			buildSettings = {
				INFOPLIST_FILE = FirstWatchAppUITests/Info.plist;
				LD_RUNPATH_SEARCH_PATHS = "$(inherited) @executable_path/Frameworks @loader_path/Frameworks";
				PRODUCT_BUNDLE_IDENTIFIER = com.ryandiffy.FirstWatchAppUITests;
				PRODUCT_NAME = "$(TARGET_NAME)";
				TEST_TARGET_NAME = FirstWatchApp;
				USES_XCTRUNNER = YES;
			};
			name = Release;
		};
/* End XCBuildConfiguration section */

/* Begin XCConfigurationList section */
		9179A8161B2DCF7000DFEFB5 /* Build configuration list for PBXProject "FirstWatchApp" */ = {
			isa = XCConfigurationList;
			buildConfigurations = (
				9179A85E1B2DCF7100DFEFB5 /* Debug */,
				9179A85F1B2DCF7100DFEFB5 /* Release */,
			);
			defaultConfigurationIsVisible = 0;
			defaultConfigurationName = Release;
		};
		9179A8601B2DCF7100DFEFB5 /* Build configuration list for PBXNativeTarget "FirstWatchApp WatchKit Extension" */ = {
			isa = XCConfigurationList;
			buildConfigurations = (
				9179A8611B2DCF7100DFEFB5 /* Debug */,
				9179A8621B2DCF7100DFEFB5 /* Release */,
			);
			defaultConfigurationIsVisible = 0;
		};
		9179A8641B2DCF7100DFEFB5 /* Build configuration list for PBXNativeTarget "FirstWatchApp WatchKit App" */ = {
			isa = XCConfigurationList;
			buildConfigurations = (
				9179A8651B2DCF7100DFEFB5 /* Debug */,
				9179A8661B2DCF7100DFEFB5 /* Release */,
			);
			defaultConfigurationIsVisible = 0;
		};
		9179A8681B2DCF7100DFEFB5 /* Build configuration list for PBXNativeTarget "FirstWatchApp" */ = {
			isa = XCConfigurationList;
			buildConfigurations = (
				9179A8691B2DCF7100DFEFB5 /* Debug */,
				9179A86A1B2DCF7100DFEFB5 /* Release */,
			);
			defaultConfigurationIsVisible = 0;
		};
		9179A86B1B2DCF7100DFEFB5 /* Build configuration list for PBXNativeTarget "FirstWatchAppTests" */ = {
			isa = XCConfigurationList;
			buildConfigurations = (
				9179A86C1B2DCF7100DFEFB5 /* Debug */,
				9179A86D1B2DCF7100DFEFB5 /* Release */,
			);
			defaultConfigurationIsVisible = 0;
		};
		9179A86E1B2DCF7100DFEFB5 /* Build configuration list for PBXNativeTarget "FirstWatchAppUITests" */ = {
			isa = XCConfigurationList;
			buildConfigurations = (
				9179A86F1B2DCF7100DFEFB5 /* Debug */,
				9179A8701B2DCF7100DFEFB5 /* Release */,
			);
			defaultConfigurationIsVisible = 0;
		};
/* End XCConfigurationList section */
	};
	rootObject = 9179A8131B2DCF7000DFEFB5 /* Project object */;
}
