// !$*UTF8*$!
{
	archiveVersion = 1;
	classes = {
	};
	objectVersion = 46;
	objects = {

/* Begin PBXBuildFile section */
		914F2E451B21DF21007A5500 /* main.m in Sources */ = {isa = PBXBuildFile; fileRef = 914F2E441B21DF21007A5500 /* main.m */; };
		914F2E4D1B21DF3B007A5500 /* Persson.m in Sources */ = {isa = PBXBuildFile; fileRef = 914F2E4C1B21DF3B007A5500 /* Persson.m */; };
		914F2E501B21E386007A5500 /* Car.m in Sources */ = {isa = PBXBuildFile; fileRef = 914F2E4F1B21E386007A5500 /* Car.m */; };
/* End PBXBuildFile section */

/* Begin PBXCopyFilesBuildPhase section */
		914F2E3F1B21DF21007A5500 /* CopyFiles */ = {
			isa = PBXCopyFilesBuildPhase;
			buildActionMask = 2147483647;
			dstPath = /usr/share/man/man1/;
			dstSubfolderSpec = 0;
			files = (
			);
			runOnlyForDeploymentPostprocessing = 1;
		};
/* End PBXCopyFilesBuildPhase section */

/* Begin PBXFileReference section */
		914F2E411B21DF21007A5500 /* 消息转发 */ = {isa = PBXFileReference; explicitFileType = "compiled.mach-o.executable"; includeInIndex = 0; path = "消息转发"; sourceTree = BUILT_PRODUCTS_DIR; };
		914F2E441B21DF21007A5500 /* main.m */ = {isa = PBXFileReference; lastKnownFileType = sourcecode.c.objc; path = main.m; sourceTree = "<group>"; };
		914F2E4B1B21DF3B007A5500 /* Persson.h */ = {isa = PBXFileReference; fileEncoding = 4; lastKnownFileType = sourcecode.c.h; path = Persson.h; sourceTree = "<group>"; };
		914F2E4C1B21DF3B007A5500 /* Persson.m */ = {isa = PBXFileReference; fileEncoding = 4; lastKnownFileType = sourcecode.c.objc; path = Persson.m; sourceTree = "<group>"; };
		914F2E4E1B21E386007A5500 /* Car.h */ = {isa = PBXFileReference; fileEncoding = 4; lastKnownFileType = sourcecode.c.h; path = Car.h; sourceTree = "<group>"; };
		914F2E4F1B21E386007A5500 /* Car.m */ = {isa = PBXFileReference; fileEncoding = 4; lastKnownFileType = sourcecode.c.objc; path = Car.m; sourceTree = "<group>"; };
/* End PBXFileReference section */

/* Begin PBXFrameworksBuildPhase section */
		914F2E3E1B21DF21007A5500 /* Frameworks */ = {
			isa = PBXFrameworksBuildPhase;
			buildActionMask = 2147483647;
			files = (
			);
			runOnlyForDeploymentPostprocessing = 0;
		};
/* End PBXFrameworksBuildPhase section */

/* Begin PBXGroup section */
		914F2E381B21DF21007A5500 = {
			isa = PBXGroup;
			children = (
				914F2E431B21DF21007A5500 /* 消息转发 */,
				914F2E421B21DF21007A5500 /* Products */,
			);
			sourceTree = "<group>";
		};
		914F2E421B21DF21007A5500 /* Products */ = {
			isa = PBXGroup;
			children = (
				914F2E411B21DF21007A5500 /* 消息转发 */,
			);
			name = Products;
			sourceTree = "<group>";
		};
		914F2E431B21DF21007A5500 /* 消息转发 */ = {
			isa = PBXGroup;
			children = (
				914F2E441B21DF21007A5500 /* main.m */,
				914F2E4B1B21DF3B007A5500 /* Persson.h */,
				914F2E4C1B21DF3B007A5500 /* Persson.m */,
				914F2E4E1B21E386007A5500 /* Car.h */,
				914F2E4F1B21E386007A5500 /* Car.m */,
			);
			path = "消息转发";
			sourceTree = "<group>";
		};
/* End PBXGroup section */

/* Begin PBXNativeTarget section */
		914F2E401B21DF21007A5500 /* 消息转发 */ = {
			isa = PBXNativeTarget;
			buildConfigurationList = 914F2E481B21DF21007A5500 /* Build configuration list for PBXNativeTarget "消息转发" */;
			buildPhases = (
				914F2E3D1B21DF21007A5500 /* Sources */,
				914F2E3E1B21DF21007A5500 /* Frameworks */,
				914F2E3F1B21DF21007A5500 /* CopyFiles */,
			);
			buildRules = (
			);
			dependencies = (
			);
			name = "消息转发";
			productName = "消息转发";
			productReference = 914F2E411B21DF21007A5500 /* 消息转发 */;
			productType = "com.apple.product-type.tool";
		};
/* End PBXNativeTarget section */

/* Begin PBXProject section */
		914F2E391B21DF21007A5500 /* Project object */ = {
			isa = PBXProject;
			attributes = {
				LastUpgradeCheck = 0630;
				ORGANIZATIONNAME = zjsruxxxy7;
				TargetAttributes = {
					914F2E401B21DF21007A5500 = {
						CreatedOnToolsVersion = 6.3;
					};
				};
			};
			buildConfigurationList = 914F2E3C1B21DF21007A5500 /* Build configuration list for PBXProject "消息转发" */;
			compatibilityVersion = "Xcode 3.2";
			developmentRegion = English;
			hasScannedForEncodings = 0;
			knownRegions = (
				en,
			);
			mainGroup = 914F2E381B21DF21007A5500;
			productRefGroup = 914F2E421B21DF21007A5500 /* Products */;
			projectDirPath = "";
			projectRoot = "";
			targets = (
				914F2E401B21DF21007A5500 /* 消息转发 */,
			);
		};
/* End PBXProject section */

/* Begin PBXSourcesBuildPhase section */
		914F2E3D1B21DF21007A5500 /* Sources */ = {
			isa = PBXSourcesBuildPhase;
			buildActionMask = 2147483647;
			files = (
				914F2E501B21E386007A5500 /* Car.m in Sources */,
				914F2E4D1B21DF3B007A5500 /* Persson.m in Sources */,
				914F2E451B21DF21007A5500 /* main.m in Sources */,
			);
			runOnlyForDeploymentPostprocessing = 0;
		};
/* End PBXSourcesBuildPhase section */

/* Begin XCBuildConfiguration section */
		914F2E461B21DF21007A5500 /* Debug */ = {
			isa = XCBuildConfiguration;
			buildSettings = {
				ALWAYS_SEARCH_USER_PATHS = NO;
				CLANG_CXX_LANGUAGE_STANDARD = "gnu++0x";
				CLANG_CXX_LIBRARY = "libc++";
				CLANG_ENABLE_MODULES = YES;
				CLANG_ENABLE_OBJC_ARC = YES;
				CLANG_WARN_BOOL_CONVERSION = YES;
				CLANG_WARN_CONSTANT_CONVERSION = YES;
				CLANG_WARN_DIRECT_OBJC_ISA_USAGE = YES_ERROR;
				CLANG_WARN_EMPTY_BODY = YES;
				CLANG_WARN_ENUM_CONVERSION = YES;
				CLANG_WARN_INT_CONVERSION = YES;
				CLANG_WARN_OBJC_ROOT_CLASS = YES_ERROR;
				CLANG_WARN_UNREACHABLE_CODE = YES;
				CLANG_WARN__DUPLICATE_METHOD_MATCH = YES;
				COPY_PHASE_STRIP = NO;
				DEBUG_INFORMATION_FORMAT = dwarf;
				ENABLE_STRICT_OBJC_MSGSEND = YES;
				GCC_C_LANGUAGE_STANDARD = gnu99;
				GCC_DYNAMIC_NO_PIC = NO;
				GCC_NO_COMMON_BLOCKS = YES;
				GCC_OPTIMIZATION_LEVEL = 0;
				GCC_PREPROCESSOR_DEFINITIONS = (
					"DEBUG=1",
					"$(inherited)",
				);
				GCC_SYMBOLS_PRIVATE_EXTERN = NO;
				GCC_WARN_64_TO_32_BIT_CONVERSION = YES;
				GCC_WARN_ABOUT_RETURN_TYPE = YES_ERROR;
				GCC_WARN_UNDECLARED_SELECTOR = YES;
				GCC_WARN_UNINITIALIZED_AUTOS = YES_AGGRESSIVE;
				GCC_WARN_UNUSED_FUNCTION = YES;
				GCC_WARN_UNUSED_VARIABLE = YES;
				MACOSX_DEPLOYMENT_TARGET = 10.10;
				MTL_ENABLE_DEBUG_INFO = YES;
				ONLY_ACTIVE_ARCH = YES;
				SDKROOT = macosx;
			};
			name = Debug;
		};
		914F2E471B21DF21007A5500 /* Release */ = {
			isa = XCBuildConfiguration;
			buildSettings = {
				ALWAYS_SEARCH_USER_PATHS = NO;
				CLANG_CXX_LANGUAGE_STANDARD = "gnu++0x";
				CLANG_CXX_LIBRARY = "libc++";
				CLANG_ENABLE_MODULES = YES;
				CLANG_ENABLE_OBJC_ARC = YES;
				CLANG_WARN_BOOL_CONVERSION = YES;
				CLANG_WARN_CONSTANT_CONVERSION = YES;
				CLANG_WARN_DIRECT_OBJC_ISA_USAGE = YES_ERROR;
				CLANG_WARN_EMPTY_BODY = YES;
				CLANG_WARN_ENUM_CONVERSION = YES;
				CLANG_WARN_INT_CONVERSION = YES;
				CLANG_WARN_OBJC_ROOT_CLASS = YES_ERROR;
				CLANG_WARN_UNREACHABLE_CODE = YES;
				CLANG_WARN__DUPLICATE_METHOD_MATCH = YES;
				COPY_PHASE_STRIP = NO;
				DEBUG_INFORMATION_FORMAT = "dwarf-with-dsym";
				ENABLE_NS_ASSERTIONS = NO;
				ENABLE_STRICT_OBJC_MSGSEND = YES;
				GCC_C_LANGUAGE_STANDARD = gnu99;
				GCC_NO_COMMON_BLOCKS = YES;
				GCC_WARN_64_TO_32_BIT_CONVERSION = YES;
				GCC_WARN_ABOUT_RETURN_TYPE = YES_ERROR;
				GCC_WARN_UNDECLARED_SELECTOR = YES;
				GCC_WARN_UNINITIALIZED_AUTOS = YES_AGGRESSIVE;
				GCC_WARN_UNUSED_FUNCTION = YES;
				GCC_WARN_UNUSED_VARIABLE = YES;
				MACOSX_DEPLOYMENT_TARGET = 10.10;
				MTL_ENABLE_DEBUG_INFO = NO;
				SDKROOT = macosx;
			};
			name = Release;
		};
		914F2E491B21DF21007A5500 /* Debug */ = {
			isa = XCBuildConfiguration;
			buildSettings = {
				PRODUCT_NAME = "$(TARGET_NAME)";
			};
			name = Debug;
		};
		914F2E4A1B21DF21007A5500 /* Release */ = {
			isa = XCBuildConfiguration;
			buildSettings = {
				PRODUCT_NAME = "$(TARGET_NAME)";
			};
			name = Release;
		};
/* End XCBuildConfiguration section */

/* Begin XCConfigurationList section */
		914F2E3C1B21DF21007A5500 /* Build configuration list for PBXProject "消息转发" */ = {
			isa = XCConfigurationList;
			buildConfigurations = (
				914F2E461B21DF21007A5500 /* Debug */,
				914F2E471B21DF21007A5500 /* Release */,
			);
			defaultConfigurationIsVisible = 0;
			defaultConfigurationName = Release;
		};
		914F2E481B21DF21007A5500 /* Build configuration list for PBXNativeTarget "消息转发" */ = {
			isa = XCConfigurationList;
			buildConfigurations = (
				914F2E491B21DF21007A5500 /* Debug */,
				914F2E4A1B21DF21007A5500 /* Release */,
			);
			defaultConfigurationIsVisible = 0;
		};
/* End XCConfigurationList section */
	};
	rootObject = 914F2E391B21DF21007A5500 /* Project object */;
}
