// !$*UTF8*$!
{
	archiveVersion = 1;
	classes = {
	};
	objectVersion = 46;
	objects = {

/* Begin PBXBuildFile section */
		9167AB6E1B364FF8007A16A7 /* main.m in Sources */ = {isa = PBXBuildFile; fileRef = 9167AB6D1B364FF8007A16A7 /* main.m */; };
		9167AB711B364FF8007A16A7 /* AppDelegate.m in Sources */ = {isa = PBXBuildFile; fileRef = 9167AB701B364FF8007A16A7 /* AppDelegate.m */; };
		9167AB741B364FF8007A16A7 /* ViewController.m in Sources */ = {isa = PBXBuildFile; fileRef = 9167AB731B364FF8007A16A7 /* ViewController.m */; };
		9167AB771B364FF8007A16A7 /* Main.storyboard in Resources */ = {isa = PBXBuildFile; fileRef = 9167AB751B364FF8007A16A7 /* Main.storyboard */; };
		9167AB791B364FF8007A16A7 /* Images.xcassets in Resources */ = {isa = PBXBuildFile; fileRef = 9167AB781B364FF8007A16A7 /* Images.xcassets */; };
		9167AB7C1B364FF8007A16A7 /* LaunchScreen.xib in Resources */ = {isa = PBXBuildFile; fileRef = 9167AB7A1B364FF8007A16A7 /* LaunchScreen.xib */; };
		9167AB881B364FF8007A16A7 /* textTabeviewTests.m in Sources */ = {isa = PBXBuildFile; fileRef = 9167AB871B364FF8007A16A7 /* textTabeviewTests.m */; };
/* End PBXBuildFile section */

/* Begin PBXContainerItemProxy section */
		9167AB821B364FF8007A16A7 /* PBXContainerItemProxy */ = {
			isa = PBXContainerItemProxy;
			containerPortal = 9167AB601B364FF8007A16A7 /* Project object */;
			proxyType = 1;
			remoteGlobalIDString = 9167AB671B364FF8007A16A7;
			remoteInfo = textTabeview;
		};
/* End PBXContainerItemProxy section */

/* Begin PBXFileReference section */
		9167AB681B364FF8007A16A7 /* textTabeview.app */ = {isa = PBXFileReference; explicitFileType = wrapper.application; includeInIndex = 0; path = textTabeview.app; sourceTree = BUILT_PRODUCTS_DIR; };
		9167AB6C1B364FF8007A16A7 /* Info.plist */ = {isa = PBXFileReference; lastKnownFileType = text.plist.xml; path = Info.plist; sourceTree = "<group>"; };
		9167AB6D1B364FF8007A16A7 /* main.m */ = {isa = PBXFileReference; lastKnownFileType = sourcecode.c.objc; path = main.m; sourceTree = "<group>"; };
		9167AB6F1B364FF8007A16A7 /* AppDelegate.h */ = {isa = PBXFileReference; lastKnownFileType = sourcecode.c.h; path = AppDelegate.h; sourceTree = "<group>"; };
		9167AB701B364FF8007A16A7 /* AppDelegate.m */ = {isa = PBXFileReference; lastKnownFileType = sourcecode.c.objc; path = AppDelegate.m; sourceTree = "<group>"; };
		9167AB721B364FF8007A16A7 /* ViewController.h */ = {isa = PBXFileReference; lastKnownFileType = sourcecode.c.h; path = ViewController.h; sourceTree = "<group>"; };
		9167AB731B364FF8007A16A7 /* ViewController.m */ = {isa = PBXFileReference; lastKnownFileType = sourcecode.c.objc; path = ViewController.m; sourceTree = "<group>"; };
		9167AB761B364FF8007A16A7 /* Base */ = {isa = PBXFileReference; lastKnownFileType = file.storyboard; name = Base; path = Base.lproj/Main.storyboard; sourceTree = "<group>"; };
		9167AB781B364FF8007A16A7 /* Images.xcassets */ = {isa = PBXFileReference; lastKnownFileType = folder.assetcatalog; path = Images.xcassets; sourceTree = "<group>"; };
		9167AB7B1B364FF8007A16A7 /* Base */ = {isa = PBXFileReference; lastKnownFileType = file.xib; name = Base; path = Base.lproj/LaunchScreen.xib; sourceTree = "<group>"; };
		9167AB811B364FF8007A16A7 /* textTabeviewTests.xctest */ = {isa = PBXFileReference; explicitFileType = wrapper.cfbundle; includeInIndex = 0; path = textTabeviewTests.xctest; sourceTree = BUILT_PRODUCTS_DIR; };
		9167AB861B364FF8007A16A7 /* Info.plist */ = {isa = PBXFileReference; lastKnownFileType = text.plist.xml; path = Info.plist; sourceTree = "<group>"; };
		9167AB871B364FF8007A16A7 /* textTabeviewTests.m */ = {isa = PBXFileReference; lastKnownFileType = sourcecode.c.objc; path = textTabeviewTests.m; sourceTree = "<group>"; };
/* End PBXFileReference section */

/* Begin PBXFrameworksBuildPhase section */
		9167AB651B364FF8007A16A7 /* Frameworks */ = {
			isa = PBXFrameworksBuildPhase;
			buildActionMask = 2147483647;
			files = (
			);
			runOnlyForDeploymentPostprocessing = 0;
		};
		9167AB7E1B364FF8007A16A7 /* Frameworks */ = {
			isa = PBXFrameworksBuildPhase;
			buildActionMask = 2147483647;
			files = (
			);
			runOnlyForDeploymentPostprocessing = 0;
		};
/* End PBXFrameworksBuildPhase section */

/* Begin PBXGroup section */
		9167AB5F1B364FF8007A16A7 = {
			isa = PBXGroup;
			children = (
				9167AB6A1B364FF8007A16A7 /* textTabeview */,
				9167AB841B364FF8007A16A7 /* textTabeviewTests */,
				9167AB691B364FF8007A16A7 /* Products */,
			);
			sourceTree = "<group>";
		};
		9167AB691B364FF8007A16A7 /* Products */ = {
			isa = PBXGroup;
			children = (
				9167AB681B364FF8007A16A7 /* textTabeview.app */,
				9167AB811B364FF8007A16A7 /* textTabeviewTests.xctest */,
			);
			name = Products;
			sourceTree = "<group>";
		};
		9167AB6A1B364FF8007A16A7 /* textTabeview */ = {
			isa = PBXGroup;
			children = (
				9167AB6F1B364FF8007A16A7 /* AppDelegate.h */,
				9167AB701B364FF8007A16A7 /* AppDelegate.m */,
				9167AB721B364FF8007A16A7 /* ViewController.h */,
				9167AB731B364FF8007A16A7 /* ViewController.m */,
				9167AB751B364FF8007A16A7 /* Main.storyboard */,
				9167AB781B364FF8007A16A7 /* Images.xcassets */,
				9167AB7A1B364FF8007A16A7 /* LaunchScreen.xib */,
				9167AB6B1B364FF8007A16A7 /* Supporting Files */,
			);
			path = textTabeview;
			sourceTree = "<group>";
		};
		9167AB6B1B364FF8007A16A7 /* Supporting Files */ = {
			isa = PBXGroup;
			children = (
				9167AB6C1B364FF8007A16A7 /* Info.plist */,
				9167AB6D1B364FF8007A16A7 /* main.m */,
			);
			name = "Supporting Files";
			sourceTree = "<group>";
		};
		9167AB841B364FF8007A16A7 /* textTabeviewTests */ = {
			isa = PBXGroup;
			children = (
				9167AB871B364FF8007A16A7 /* textTabeviewTests.m */,
				9167AB851B364FF8007A16A7 /* Supporting Files */,
			);
			path = textTabeviewTests;
			sourceTree = "<group>";
		};
		9167AB851B364FF8007A16A7 /* Supporting Files */ = {
			isa = PBXGroup;
			children = (
				9167AB861B364FF8007A16A7 /* Info.plist */,
			);
			name = "Supporting Files";
			sourceTree = "<group>";
		};
/* End PBXGroup section */

/* Begin PBXNativeTarget section */
		9167AB671B364FF8007A16A7 /* textTabeview */ = {
			isa = PBXNativeTarget;
			buildConfigurationList = 9167AB8B1B364FF8007A16A7 /* Build configuration list for PBXNativeTarget "textTabeview" */;
			buildPhases = (
				9167AB641B364FF8007A16A7 /* Sources */,
				9167AB651B364FF8007A16A7 /* Frameworks */,
				9167AB661B364FF8007A16A7 /* Resources */,
			);
			buildRules = (
			);
			dependencies = (
			);
			name = textTabeview;
			productName = textTabeview;
			productReference = 9167AB681B364FF8007A16A7 /* textTabeview.app */;
			productType = "com.apple.product-type.application";
		};
		9167AB801B364FF8007A16A7 /* textTabeviewTests */ = {
			isa = PBXNativeTarget;
			buildConfigurationList = 9167AB8E1B364FF8007A16A7 /* Build configuration list for PBXNativeTarget "textTabeviewTests" */;
			buildPhases = (
				9167AB7D1B364FF8007A16A7 /* Sources */,
				9167AB7E1B364FF8007A16A7 /* Frameworks */,
				9167AB7F1B364FF8007A16A7 /* Resources */,
			);
			buildRules = (
			);
			dependencies = (
				9167AB831B364FF8007A16A7 /* PBXTargetDependency */,
			);
			name = textTabeviewTests;
			productName = textTabeviewTests;
			productReference = 9167AB811B364FF8007A16A7 /* textTabeviewTests.xctest */;
			productType = "com.apple.product-type.bundle.unit-test";
		};
/* End PBXNativeTarget section */

/* Begin PBXProject section */
		9167AB601B364FF8007A16A7 /* Project object */ = {
			isa = PBXProject;
			attributes = {
				LastUpgradeCheck = 0630;
				ORGANIZATIONNAME = zjsruxxxy7;
				TargetAttributes = {
					9167AB671B364FF8007A16A7 = {
						CreatedOnToolsVersion = 6.3;
					};
					9167AB801B364FF8007A16A7 = {
						CreatedOnToolsVersion = 6.3;
						TestTargetID = 9167AB671B364FF8007A16A7;
					};
				};
			};
			buildConfigurationList = 9167AB631B364FF8007A16A7 /* Build configuration list for PBXProject "textTabeview" */;
			compatibilityVersion = "Xcode 3.2";
			developmentRegion = English;
			hasScannedForEncodings = 0;
			knownRegions = (
				en,
				Base,
			);
			mainGroup = 9167AB5F1B364FF8007A16A7;
			productRefGroup = 9167AB691B364FF8007A16A7 /* Products */;
			projectDirPath = "";
			projectRoot = "";
			targets = (
				9167AB671B364FF8007A16A7 /* textTabeview */,
				9167AB801B364FF8007A16A7 /* textTabeviewTests */,
			);
		};
/* End PBXProject section */

/* Begin PBXResourcesBuildPhase section */
		9167AB661B364FF8007A16A7 /* Resources */ = {
			isa = PBXResourcesBuildPhase;
			buildActionMask = 2147483647;
			files = (
				9167AB771B364FF8007A16A7 /* Main.storyboard in Resources */,
				9167AB7C1B364FF8007A16A7 /* LaunchScreen.xib in Resources */,
				9167AB791B364FF8007A16A7 /* Images.xcassets in Resources */,
			);
			runOnlyForDeploymentPostprocessing = 0;
		};
		9167AB7F1B364FF8007A16A7 /* Resources */ = {
			isa = PBXResourcesBuildPhase;
			buildActionMask = 2147483647;
			files = (
			);
			runOnlyForDeploymentPostprocessing = 0;
		};
/* End PBXResourcesBuildPhase section */

/* Begin PBXSourcesBuildPhase section */
		9167AB641B364FF8007A16A7 /* Sources */ = {
			isa = PBXSourcesBuildPhase;
			buildActionMask = 2147483647;
			files = (
				9167AB741B364FF8007A16A7 /* ViewController.m in Sources */,
				9167AB711B364FF8007A16A7 /* AppDelegate.m in Sources */,
				9167AB6E1B364FF8007A16A7 /* main.m in Sources */,
			);
			runOnlyForDeploymentPostprocessing = 0;
		};
		9167AB7D1B364FF8007A16A7 /* Sources */ = {
			isa = PBXSourcesBuildPhase;
			buildActionMask = 2147483647;
			files = (
				9167AB881B364FF8007A16A7 /* textTabeviewTests.m in Sources */,
			);
			runOnlyForDeploymentPostprocessing = 0;
		};
/* End PBXSourcesBuildPhase section */

/* Begin PBXTargetDependency section */
		9167AB831B364FF8007A16A7 /* PBXTargetDependency */ = {
			isa = PBXTargetDependency;
			target = 9167AB671B364FF8007A16A7 /* textTabeview */;
			targetProxy = 9167AB821B364FF8007A16A7 /* PBXContainerItemProxy */;
		};
/* End PBXTargetDependency section */

/* Begin PBXVariantGroup section */
		9167AB751B364FF8007A16A7 /* Main.storyboard */ = {
			isa = PBXVariantGroup;
			children = (
				9167AB761B364FF8007A16A7 /* Base */,
			);
			name = Main.storyboard;
			sourceTree = "<group>";
		};
		9167AB7A1B364FF8007A16A7 /* LaunchScreen.xib */ = {
			isa = PBXVariantGroup;
			children = (
				9167AB7B1B364FF8007A16A7 /* Base */,
			);
			name = LaunchScreen.xib;
			sourceTree = "<group>";
		};
/* End PBXVariantGroup section */

/* Begin XCBuildConfiguration section */
		9167AB891B364FF8007A16A7 /* Debug */ = {
			isa = XCBuildConfiguration;
			buildSettings = {
				ALWAYS_SEARCH_USER_PATHS = NO;
				CLANG_CXX_LANGUAGE_STANDARD = "gnu++0x";
				CLANG_CXX_LIBRARY = "libc++";
				CLANG_ENABLE_MODULES = YES;
				CLANG_ENABLE_OBJC_ARC = YES;
				CLANG_WARN_BOOL_CONVERSION = YES;
				CLANG_WARN_CONSTANT_CONVERSION = YES;
				CLANG_WARN_DIRECT_OBJC_ISA_USAGE = YES_ERROR;
				CLANG_WARN_EMPTY_BODY = YES;
				CLANG_WARN_ENUM_CONVERSION = YES;
				CLANG_WARN_INT_CONVERSION = YES;
				CLANG_WARN_OBJC_ROOT_CLASS = YES_ERROR;
				CLANG_WARN_UNREACHABLE_CODE = YES;
				CLANG_WARN__DUPLICATE_METHOD_MATCH = YES;
				"CODE_SIGN_IDENTITY[sdk=iphoneos*]" = "iPhone Developer";
				COPY_PHASE_STRIP = NO;
				DEBUG_INFORMATION_FORMAT = "dwarf-with-dsym";
				ENABLE_STRICT_OBJC_MSGSEND = YES;
				GCC_C_LANGUAGE_STANDARD = gnu99;
				GCC_DYNAMIC_NO_PIC = NO;
				GCC_NO_COMMON_BLOCKS = YES;
				GCC_OPTIMIZATION_LEVEL = 0;
				GCC_PREPROCESSOR_DEFINITIONS = (
					"DEBUG=1",
					"$(inherited)",
				);
				GCC_SYMBOLS_PRIVATE_EXTERN = NO;
				GCC_WARN_64_TO_32_BIT_CONVERSION = YES;
				GCC_WARN_ABOUT_RETURN_TYPE = YES_ERROR;
				GCC_WARN_UNDECLARED_SELECTOR = YES;
				GCC_WARN_UNINITIALIZED_AUTOS = YES_AGGRESSIVE;
				GCC_WARN_UNUSED_FUNCTION = YES;
				GCC_WARN_UNUSED_VARIABLE = YES;
				IPHONEOS_DEPLOYMENT_TARGET = 8.3;
				MTL_ENABLE_DEBUG_INFO = YES;
				ONLY_ACTIVE_ARCH = YES;
				SDKROOT = iphoneos;
				TARGETED_DEVICE_FAMILY = "1,2";
			};
			name = Debug;
		};
		9167AB8A1B364FF8007A16A7 /* Release */ = {
			isa = XCBuildConfiguration;
			buildSettings = {
				ALWAYS_SEARCH_USER_PATHS = NO;
				CLANG_CXX_LANGUAGE_STANDARD = "gnu++0x";
				CLANG_CXX_LIBRARY = "libc++";
				CLANG_ENABLE_MODULES = YES;
				CLANG_ENABLE_OBJC_ARC = YES;
				CLANG_WARN_BOOL_CONVERSION = YES;
				CLANG_WARN_CONSTANT_CONVERSION = YES;
				CLANG_WARN_DIRECT_OBJC_ISA_USAGE = YES_ERROR;
				CLANG_WARN_EMPTY_BODY = YES;
				CLANG_WARN_ENUM_CONVERSION = YES;
				CLANG_WARN_INT_CONVERSION = YES;
				CLANG_WARN_OBJC_ROOT_CLASS = YES_ERROR;
				CLANG_WARN_UNREACHABLE_CODE = YES;
				CLANG_WARN__DUPLICATE_METHOD_MATCH = YES;
				"CODE_SIGN_IDENTITY[sdk=iphoneos*]" = "iPhone Developer";
				COPY_PHASE_STRIP = NO;
				DEBUG_INFORMATION_FORMAT = "dwarf-with-dsym";
				ENABLE_NS_ASSERTIONS = NO;
				ENABLE_STRICT_OBJC_MSGSEND = YES;
				GCC_C_LANGUAGE_STANDARD = gnu99;
				GCC_NO_COMMON_BLOCKS = YES;
				GCC_WARN_64_TO_32_BIT_CONVERSION = YES;
				GCC_WARN_ABOUT_RETURN_TYPE = YES_ERROR;
				GCC_WARN_UNDECLARED_SELECTOR = YES;
				GCC_WARN_UNINITIALIZED_AUTOS = YES_AGGRESSIVE;
				GCC_WARN_UNUSED_FUNCTION = YES;
				GCC_WARN_UNUSED_VARIABLE = YES;
				IPHONEOS_DEPLOYMENT_TARGET = 8.3;
				MTL_ENABLE_DEBUG_INFO = NO;
				SDKROOT = iphoneos;
				TARGETED_DEVICE_FAMILY = "1,2";
				VALIDATE_PRODUCT = YES;
			};
			name = Release;
		};
		9167AB8C1B364FF8007A16A7 /* Debug */ = {
			isa = XCBuildConfiguration;
			buildSettings = {
				ASSETCATALOG_COMPILER_APPICON_NAME = AppIcon;
				INFOPLIST_FILE = textTabeview/Info.plist;
				LD_RUNPATH_SEARCH_PATHS = "$(inherited) @executable_path/Frameworks";
				PRODUCT_NAME = "$(TARGET_NAME)";
			};
			name = Debug;
		};
		9167AB8D1B364FF8007A16A7 /* Release */ = {
			isa = XCBuildConfiguration;
			buildSettings = {
				ASSETCATALOG_COMPILER_APPICON_NAME = AppIcon;
				INFOPLIST_FILE = textTabeview/Info.plist;
				LD_RUNPATH_SEARCH_PATHS = "$(inherited) @executable_path/Frameworks";
				PRODUCT_NAME = "$(TARGET_NAME)";
			};
			name = Release;
		};
		9167AB8F1B364FF8007A16A7 /* Debug */ = {
			isa = XCBuildConfiguration;
			buildSettings = {
				BUNDLE_LOADER = "$(TEST_HOST)";
				FRAMEWORK_SEARCH_PATHS = (
					"$(SDKROOT)/Developer/Library/Frameworks",
					"$(inherited)",
				);
				GCC_PREPROCESSOR_DEFINITIONS = (
					"DEBUG=1",
					"$(inherited)",
				);
				INFOPLIST_FILE = textTabeviewTests/Info.plist;
				LD_RUNPATH_SEARCH_PATHS = "$(inherited) @executable_path/Frameworks @loader_path/Frameworks";
				PRODUCT_NAME = "$(TARGET_NAME)";
				TEST_HOST = "$(BUILT_PRODUCTS_DIR)/textTabeview.app/textTabeview";
			};
			name = Debug;
		};
		9167AB901B364FF8007A16A7 /* Release */ = {
			isa = XCBuildConfiguration;
			buildSettings = {
				BUNDLE_LOADER = "$(TEST_HOST)";
				FRAMEWORK_SEARCH_PATHS = (
					"$(SDKROOT)/Developer/Library/Frameworks",
					"$(inherited)",
				);
				INFOPLIST_FILE = textTabeviewTests/Info.plist;
				LD_RUNPATH_SEARCH_PATHS = "$(inherited) @executable_path/Frameworks @loader_path/Frameworks";
				PRODUCT_NAME = "$(TARGET_NAME)";
				TEST_HOST = "$(BUILT_PRODUCTS_DIR)/textTabeview.app/textTabeview";
			};
			name = Release;
		};
/* End XCBuildConfiguration section */

/* Begin XCConfigurationList section */
		9167AB631B364FF8007A16A7 /* Build configuration list for PBXProject "textTabeview" */ = {
			isa = XCConfigurationList;
			buildConfigurations = (
				9167AB891B364FF8007A16A7 /* Debug */,
				9167AB8A1B364FF8007A16A7 /* Release */,
			);
			defaultConfigurationIsVisible = 0;
			defaultConfigurationName = Release;
		};
		9167AB8B1B364FF8007A16A7 /* Build configuration list for PBXNativeTarget "textTabeview" */ = {
			isa = XCConfigurationList;
			buildConfigurations = (
				9167AB8C1B364FF8007A16A7 /* Debug */,
				9167AB8D1B364FF8007A16A7 /* Release */,
			);
			defaultConfigurationIsVisible = 0;
		};
		9167AB8E1B364FF8007A16A7 /* Build configuration list for PBXNativeTarget "textTabeviewTests" */ = {
			isa = XCConfigurationList;
			buildConfigurations = (
				9167AB8F1B364FF8007A16A7 /* Debug */,
				9167AB901B364FF8007A16A7 /* Release */,
			);
			defaultConfigurationIsVisible = 0;
		};
/* End XCConfigurationList section */
	};
	rootObject = 9167AB601B364FF8007A16A7 /* Project object */;
}
